{
  "name": "gnode-api",
  "version": "0.2.9",
  "lockfileVersion": 2,
  "requires": true,
  "packages": {
    "": {
      "name": "gnode-api",
      "version": "0.2.9",
      "license": "ISC",
      "dependencies": {
        "@types/node": "^16.4.13"
      },
      "engines": {
        "node": ">=15.0.0"
      }
    },
    "node_modules/@types/node": {
      "version": "16.11.21",
      "resolved": "https://registry.npmjs.org/@types/node/-/node-16.11.21.tgz",
      "integrity": "sha512-Pf8M1XD9i1ksZEcCP8vuSNwooJ/bZapNmIzpmsMaL+jMI+8mEYU3PKvs+xDNuQcJWF/x24WzY4qxLtB0zNow9A=="
    }
  },
  "dependencies": {
    "@types/node": {
      "version": "16.11.21",
      "resolved": "https://registry.npmjs.org/@types/node/-/node-16.11.21.tgz",
      "integrity": "sha512-Pf8M1XD9i1ksZEcCP8vuSNwooJ/bZapNmIzpmsMaL+jMI+8mEYU3PKvs+xDNuQcJWF/x24WzY4qxLtB0zNow9A=="
    }
  }
}
